
Microsoft Visual Studio Solution File, Format Version 12.00
# Visual Studio Version 17
VisualStudioVersion = 17.7.34009.444
MinimumVisualStudioVersion = 10.0.40219.1
Project("{FAE04EC0-301F-11D3-BF4B-00C04F79EFBC}") = "Belajar", "Belajar.csproj", "{71F2717E-85A7-4BA9-B443-246A346A7FFB}"
EndProject
Global
	GlobalSection(SolutionConfigurationPlatforms) = preSolution
		Debug|Any CPU = Debug|Any CPU
		Release|Any CPU = Release|Any CPU
	EndGlobalSection
	GlobalSection(ProjectConfigurationPlatforms) = postSolution
		{71F2717E-85A7-4BA9-B443-246A346A7FFB}.Debug|Any CPU.ActiveCfg = Debug|Any CPU
		{71F2717E-85A7-4BA9-B443-246A346A7FFB}.Debug|Any CPU.Build.0 = Debug|Any CPU
		{71F2717E-85A7-4BA9-B443-246A346A7FFB}.Release|Any CPU.ActiveCfg = Release|Any CPU
		{71F2717E-85A7-4BA9-B443-246A346A7FFB}.Release|Any CPU.Build.0 = Release|Any CPU
	EndGlobalSection
	GlobalSection(SolutionProperties) = preSolution
		HideSolutionNode = FALSE
	EndGlobalSection
	GlobalSection(ExtensibilityGlobals) = postSolution
		SolutionGuid = {46AFCDD0-D5D6-4458-B72A-0A372CF72F42}
	EndGlobalSection
EndGlobal
